
Microsoft Visual Studio Solution File, Format Version 12.00
# Visual Studio Version 16
VisualStudioVersion = 16.0.28315.86
MinimumVisualStudioVersion = 10.0.40219.1
Project("{2150E333-8FDC-42A3-9474-1A3956D46DE8}") = "Tests", "Tests", "{49FB92AB-68CE-4575-B817-5E1FC156CA48}"
EndProject
Project("{2150E333-8FDC-42A3-9474-1A3956D46DE8}") = "Solution Items", "Solution Items", "{D1D6A1CA-7035-4BB6-BBA4-862F1EBC39D7}"
	ProjectSection(SolutionItems) = preProject
		.gitattributes = .gitattributes
		.gitignore = .gitignore
		Common.props = Common.props
		LICENSE.txt = LICENSE.txt
		README.md = README.md
		Solution.props = Solution.props
	EndProjectSection
EndProject
Project("{2150E333-8FDC-42A3-9474-1A3956D46DE8}") = "Source", "Source", "{FC08E61B-2A13-4B02-A176-95D13FB9C738}"
EndProject
Project("{2150E333-8FDC-42A3-9474-1A3956D46DE8}") = "Development", "Development", "{3F491346-0ED7-400A-841B-AF58804D4091}"
EndProject
Project("{9A19103F-16F7-4668-BE54-9A1E7A4F7556}") = "DevPlugin1", "dev\DevPlugin1\DevPlugin1.csproj", "{17E523B2-F439-428C-A0DD-52F38993E3F2}"
EndProject
Project("{9A19103F-16F7-4668-BE54-9A1E7A4F7556}") = "PluginTests", "tests\PluginTests\PluginTests.csproj", "{58FB9B54-428E-408D-9DDC-EC58D007868D}"
EndProject
Project("{9A19103F-16F7-4668-BE54-9A1E7A4F7556}") = "Bit0.Plugins.Loader", "src\Bit0.Plugins.Loader\Bit0.Plugins.Loader.csproj", "{DE7CB97E-FE46-49EC-9F01-A63072B1B6E7}"
EndProject
Project("{9A19103F-16F7-4668-BE54-9A1E7A4F7556}") = "Bit0.Plugins.Sdk", "src\Bit0.Plugins.Sdk\Bit0.Plugins.Sdk.csproj", "{8A029FEB-9A2E-4A4E-91E6-AC61CE65E4AD}"
EndProject
Project("{2150E333-8FDC-42A3-9474-1A3956D46DE8}") = ".github", ".github", "{D20DC011-6AB1-40A8-97C6-0DF5821A333A}"
EndProject
Project("{2150E333-8FDC-42A3-9474-1A3956D46DE8}") = "workflows", "workflows", "{1ACCAAC9-DAC8-4E3F-A25F-6AB58B7C2938}"
	ProjectSection(SolutionItems) = preProject
		.github\workflows\package.yml = .github\workflows\package.yml
	EndProjectSection
EndProject
Global
	GlobalSection(SolutionConfigurationPlatforms) = preSolution
		Debug|Any CPU = Debug|Any CPU
		Release|Any CPU = Release|Any CPU
	EndGlobalSection
	GlobalSection(ProjectConfigurationPlatforms) = postSolution
		{17E523B2-F439-428C-A0DD-52F38993E3F2}.Debug|Any CPU.ActiveCfg = Debug|Any CPU
		{17E523B2-F439-428C-A0DD-52F38993E3F2}.Debug|Any CPU.Build.0 = Debug|Any CPU
		{17E523B2-F439-428C-A0DD-52F38993E3F2}.Release|Any CPU.ActiveCfg = Release|Any CPU
		{17E523B2-F439-428C-A0DD-52F38993E3F2}.Release|Any CPU.Build.0 = Release|Any CPU
		{58FB9B54-428E-408D-9DDC-EC58D007868D}.Debug|Any CPU.ActiveCfg = Debug|Any CPU
		{58FB9B54-428E-408D-9DDC-EC58D007868D}.Debug|Any CPU.Build.0 = Debug|Any CPU
		{58FB9B54-428E-408D-9DDC-EC58D007868D}.Release|Any CPU.ActiveCfg = Release|Any CPU
		{58FB9B54-428E-408D-9DDC-EC58D007868D}.Release|Any CPU.Build.0 = Release|Any CPU
		{DE7CB97E-FE46-49EC-9F01-A63072B1B6E7}.Debug|Any CPU.ActiveCfg = Debug|Any CPU
		{DE7CB97E-FE46-49EC-9F01-A63072B1B6E7}.Debug|Any CPU.Build.0 = Debug|Any CPU
		{DE7CB97E-FE46-49EC-9F01-A63072B1B6E7}.Release|Any CPU.ActiveCfg = Release|Any CPU
		{DE7CB97E-FE46-49EC-9F01-A63072B1B6E7}.Release|Any CPU.Build.0 = Release|Any CPU
		{8A029FEB-9A2E-4A4E-91E6-AC61CE65E4AD}.Debug|Any CPU.ActiveCfg = Debug|Any CPU
		{8A029FEB-9A2E-4A4E-91E6-AC61CE65E4AD}.Debug|Any CPU.Build.0 = Debug|Any CPU
		{8A029FEB-9A2E-4A4E-91E6-AC61CE65E4AD}.Release|Any CPU.ActiveCfg = Release|Any CPU
		{8A029FEB-9A2E-4A4E-91E6-AC61CE65E4AD}.Release|Any CPU.Build.0 = Release|Any CPU
	EndGlobalSection
	GlobalSection(SolutionProperties) = preSolution
		HideSolutionNode = FALSE
	EndGlobalSection
	GlobalSection(NestedProjects) = preSolution
		{17E523B2-F439-428C-A0DD-52F38993E3F2} = {3F491346-0ED7-400A-841B-AF58804D4091}
		{58FB9B54-428E-408D-9DDC-EC58D007868D} = {49FB92AB-68CE-4575-B817-5E1FC156CA48}
		{DE7CB97E-FE46-49EC-9F01-A63072B1B6E7} = {FC08E61B-2A13-4B02-A176-95D13FB9C738}
		{8A029FEB-9A2E-4A4E-91E6-AC61CE65E4AD} = {FC08E61B-2A13-4B02-A176-95D13FB9C738}
		{D20DC011-6AB1-40A8-97C6-0DF5821A333A} = {D1D6A1CA-7035-4BB6-BBA4-862F1EBC39D7}
		{1ACCAAC9-DAC8-4E3F-A25F-6AB58B7C2938} = {D20DC011-6AB1-40A8-97C6-0DF5821A333A}
	EndGlobalSection
	GlobalSection(ExtensibilityGlobals) = postSolution
		SolutionGuid = {F729AF24-C7AD-4895-B1F5-7BDA64720979}
	EndGlobalSection
EndGlobal
